<?xml version="1.0" encoding="utf-8"?>
<Project ToolsVersion="4.0" xmlns="http://schemas.microsoft.com/developer/msbuild/2003">
  <ItemGroup>
    <Filter Include="Исходные файлы">
      <UniqueIdentifier>{4FC737F1-C7A5-4376-A066-2A32D752A2FF}</UniqueIdentifier>
      <Extensions>cpp;c;cc;cxx;c++;cppm;ixx;def;odl;idl;hpj;bat;asm;asmx</Extensions>
    </Filter>
    <Filter Include="Файлы заголовков">
      <UniqueIdentifier>{93995380-89BD-4b04-88EB-625FBE52EBFB}</UniqueIdentifier>
      <Extensions>h;hh;hpp;hxx;h++;hm;inl;inc;ipp;xsd</Extensions>
    </Filter>
    <Filter Include="Файлы ресурсов">
      <UniqueIdentifier>{67DA6AB6-F800-4c08-8B7A-83BB121AAD01}</UniqueIdentifier>
      <Extensions>rc;ico;cur;bmp;dlg;rc2;rct;bin;rgs;gif;jpg;jpeg;jpe;resx;tiff;tif;png;wav;mfcribbon-ms</Extensions>
    </Filter>
    <Filter Include="Исходные файлы\comd">
      <UniqueIdentifier>{cdf10d90-4337-402f-b6e5-69e563d90014}</UniqueIdentifier>
    </Filter>
    <Filter Include="Исходные файлы\fw">
      <UniqueIdentifier>{e924184a-4e61-40e4-b2ed-0195354b7f6e}</UniqueIdentifier>
    </Filter>
    <Filter Include="Исходные файлы\elem">
      <UniqueIdentifier>{4b30582f-ccfa-4181-8ead-63887e9848d8}</UniqueIdentifier>
    </Filter>
    <Filter Include="Исходные файлы\str">
      <UniqueIdentifier>{7b85a3db-8f6a-4057-a1df-5230fb9fd91b}</UniqueIdentifier>
    </Filter>
  </ItemGroup>
  <ItemGroup>
    <ClCompile Include="config.cpp">
      <Filter>Исходные файлы</Filter>
    </ClCompile>
    <ClCompile Include="fw_elem.cpp">
      <Filter>Исходные файлы\fw</Filter>
    </ClCompile>
    <ClCompile Include="Project.cpp">
      <Filter>Исходные файлы</Filter>
    </ClCompile>
    <ClCompile Include="component.cpp">
      <Filter>Исходные файлы\elem</Filter>
    </ClCompile>
    <ClCompile Include="inst.cpp">
      <Filter>Исходные файлы\comd</Filter>
    </ClCompile>
    <ClCompile Include="str_proc.cpp">
      <Filter>Исходные файлы\str</Filter>
    </ClCompile>
    <ClCompile Include="index.cpp">
      <Filter>Исходные файлы</Filter>
    </ClCompile>
  </ItemGroup>
  <ItemGroup>
    <ClInclude Include="command.h">
      <Filter>Исходные файлы\comd</Filter>
    </ClInclude>
    <ClInclude Include="inst.h">
      <Filter>Исходные файлы\comd</Filter>
    </ClInclude>
    <ClInclude Include="config.h">
      <Filter>Исходные файлы</Filter>
    </ClInclude>
    <ClInclude Include="Project.h">
      <Filter>Исходные файлы</Filter>
    </ClInclude>
    <ClInclude Include="fw_elem.h">
      <Filter>Исходные файлы\fw</Filter>
    </ClInclude>
    <ClInclude Include="component.h">
      <Filter>Исходные файлы\elem</Filter>
    </ClInclude>
    <ClInclude Include="str_proc.h">
      <Filter>Исходные файлы\str</Filter>
    </ClInclude>
    <ClInclude Include="index.h">
      <Filter>Исходные файлы</Filter>
    </ClInclude>
    <ClInclude Include="hd.h">
      <Filter>Исходные файлы</Filter>
    </ClInclude>
  </ItemGroup>
</Project>